
Microsoft Visual Studio Solution File, Format Version 12.00
# Visual Studio Version 17
VisualStudioVersion = 17.11.35222.181
MinimumVisualStudioVersion = 10.0.40219.1
Project("{FAE04EC0-301F-11D3-BF4B-00C04F79EFBC}") = "Week8EpicGame", "Week8EpicGame\Week8EpicGame.csproj", "{5E716831-53DC-432D-95DE-5EC9E90C3BEB}"
EndProject
Global
	GlobalSection(SolutionConfigurationPlatforms) = preSolution
		Debug|Any CPU = Debug|Any CPU
		Release|Any CPU = Release|Any CPU
	EndGlobalSection
	GlobalSection(ProjectConfigurationPlatforms) = postSolution
		{5E716831-53DC-432D-95DE-5EC9E90C3BEB}.Debug|Any CPU.ActiveCfg = Debug|Any CPU
		{5E716831-53DC-432D-95DE-5EC9E90C3BEB}.Debug|Any CPU.Build.0 = Debug|Any CPU
		{5E716831-53DC-432D-95DE-5EC9E90C3BEB}.Release|Any CPU.ActiveCfg = Release|Any CPU
		{5E716831-53DC-432D-95DE-5EC9E90C3BEB}.Release|Any CPU.Build.0 = Release|Any CPU
	EndGlobalSection
	GlobalSection(SolutionProperties) = preSolution
		HideSolutionNode = FALSE
	EndGlobalSection
	GlobalSection(ExtensibilityGlobals) = postSolution
		SolutionGuid = {F0FAD462-DD26-4260-A6BA-3DF00BD2066A}
	EndGlobalSection
EndGlobal
